	<Project xmlns="http://schemas.microsoft.com/developer/msbuild/2003">
		<PropertyGroup>
			<ProjectGuid>{14B6C3FC-0C2B-44A5-937A-1E9230B22402}</ProjectGuid>
			<ProjectVersion>13.4</ProjectVersion>
			<FrameworkType>None</FrameworkType>
			<MainSource>CommonExample.dpr</MainSource>
			<Base>True</Base>
			<Config Condition="'$(Config)'==''">WEBMODULE_WITH_INDY_GUI</Config>
			<Platform Condition="'$(Platform)'==''">Win32</Platform>
			<TargetedPlatforms>1</TargetedPlatforms>
			<AppType>Console</AppType>
		</PropertyGroup>
		<PropertyGroup Condition="'$(Config)'=='Base' or '$(Base)'!=''">
			<Base>true</Base>
		</PropertyGroup>
		<PropertyGroup Condition="('$(Platform)'=='Win64' and '$(Base)'=='true') or '$(Base_Win64)'!=''">
			<Base_Win64>true</Base_Win64>
			<CfgParent>Base</CfgParent>
			<Base>true</Base>
		</PropertyGroup>
		<PropertyGroup Condition="('$(Platform)'=='Win32' and '$(Base)'=='true') or '$(Base_Win32)'!=''">
			<Base_Win32>true</Base_Win32>
			<CfgParent>Base</CfgParent>
			<Base>true</Base>
		</PropertyGroup>
		<PropertyGroup Condition="'$(Config)'=='WEBMODULE_WITH_INDY_GUI' or '$(Cfg_4)'!=''">
			<Cfg_4>true</Cfg_4>
			<CfgParent>Base</CfgParent>
			<Base>true</Base>
		</PropertyGroup>
		<PropertyGroup Condition="('$(Platform)'=='Win32' and '$(Cfg_4)'=='true') or '$(Cfg_4_Win32)'!=''">
			<Cfg_4_Win32>true</Cfg_4_Win32>
			<CfgParent>Cfg_4</CfgParent>
			<Cfg_4>true</Cfg_4>
			<Base>true</Base>
		</PropertyGroup>
		<PropertyGroup Condition="'$(Config)'=='WEBMODULE_WITH_INDY_CONSOLE' or '$(Cfg_7)'!=''">
			<Cfg_7>true</Cfg_7>
			<CfgParent>Base</CfgParent>
			<Base>true</Base>
		</PropertyGroup>
		<PropertyGroup Condition="('$(Platform)'=='Win32' and '$(Cfg_7)'=='true') or '$(Cfg_7_Win32)'!=''">
			<Cfg_7_Win32>true</Cfg_7_Win32>
			<CfgParent>Cfg_7</CfgParent>
			<Cfg_7>true</Cfg_7>
			<Base>true</Base>
		</PropertyGroup>
		<PropertyGroup Condition="'$(Config)'=='WEBMODULE_WITH_ISAPI' or '$(Cfg_8)'!=''">
			<Cfg_8>true</Cfg_8>
			<CfgParent>Base</CfgParent>
			<Base>true</Base>
		</PropertyGroup>
		<PropertyGroup Condition="('$(Platform)'=='Win32' and '$(Cfg_8)'=='true') or '$(Cfg_8_Win32)'!=''">
			<Cfg_8_Win32>true</Cfg_8_Win32>
			<CfgParent>Cfg_8</CfgParent>
			<Cfg_8>true</Cfg_8>
			<Base>true</Base>
		</PropertyGroup>
		<PropertyGroup Condition="'$(Base)'!=''">
			<DCC_RunTimeTypeInfo>true</DCC_RunTimeTypeInfo>
			<DCC_UnitSearchPath>..\..\MvcLib;..\..\MvcLib\Library;..\..\MvcLib\Library\dwscript;$(DCC_UnitSearchPath)</DCC_UnitSearchPath>
			<VerInfo_Keys>CompanyName=;FileDescription=;FileVersion=1.0.0.0;InternalName=;LegalCopyright=;LegalTrademarks=;OriginalFilename=;ProductName=;ProductVersion=1.0.0.0</VerInfo_Keys>
			<Manifest_File>None</Manifest_File>
			<VerInfo_Locale>1033</VerInfo_Locale>
			<DCC_Namespace>System;Xml;Data;Datasnap;Web;Soap;$(DCC_Namespace)</DCC_Namespace>
			<DCC_UsePackage>bindcompfmx;fmx;rtl;dbrtl;IndySystem;DbxClientDriver;bindcomp;inetdb;DBXInterBaseDriver;xmlrtl;ibxpress;DbxCommonDriver;IndyProtocols;DBXMySQLDriver;dbxcds;bindengine;FMXTee;soaprtl;dsnap;IndyCore;fmxase;CloudService;FmxTeeUI;inet;fmxobj;inetdbxpress;fmxdae;dbexpress;$(DCC_UsePackage)</DCC_UsePackage>
			<DCC_DcuOutput>.\$(Platform)\$(Config)</DCC_DcuOutput>
			<DCC_ExeOutput>.\$(Platform)\$(Config)</DCC_ExeOutput>
			<DCC_E>false</DCC_E>
			<DCC_N>false</DCC_N>
			<DCC_S>false</DCC_S>
			<DCC_F>false</DCC_F>
			<DCC_K>false</DCC_K>
		</PropertyGroup>
		<PropertyGroup Condition="'$(Base_Win64)'!=''">
			<DCC_UsePackage>TeeDB;vclib;Tee;vclimg;TeeUI;vclactnband;vcldb;vcldsnap;bindcompvcl;vclie;vcltouch;websnap;vclribbon;VclSmp;vcl;dsnapcon;vclx;webdsnap;adortl;$(DCC_UsePackage)</DCC_UsePackage>
		</PropertyGroup>
		<PropertyGroup Condition="'$(Base_Win32)'!=''">
			<DCC_UsePackage>vcldbx;frx16;TeeDB;Rave100VCL;vclib;Tee;inetdbbde;svnui;vclimg;frxDB16;intrawebdb_120_160;fmi;fs16;TeeUI;vclactnband;vcldb;vcldsnap;bindcompvcl;vclie;vcltouch;Intraweb_120_160;websnap;vclribbon;frxe16;VclSmp;fsDB16;vcl;RaudusD160;CodeSiteExpressPkg;dsnapcon;vclx;webdsnap;svn;bdertl;adortl;$(DCC_UsePackage)</DCC_UsePackage>
			<DCC_Namespace>Winapi;System.Win;Data.Win;Datasnap.Win;Web.Win;Soap.Win;Xml.Win;Bde;$(DCC_Namespace)</DCC_Namespace>
			<VerInfo_Keys>CompanyName=;FileDescription=;FileVersion=1.0.0.0;InternalName=;LegalCopyright=;LegalTrademarks=;OriginalFilename=;ProductName=;ProductVersion=1.0.0.0;Comments=</VerInfo_Keys>
		</PropertyGroup>
		<PropertyGroup Condition="'$(Cfg_4_Win32)'!=''">
			<DCC_RunTimeTypeInfo>true</DCC_RunTimeTypeInfo>
			<DCC_UnitSearchPath>..\Source\Library\dwscript;$(DCC_UnitSearchPath)</DCC_UnitSearchPath>
			<DCC_Define>WEBMODULE_WITH_INDY_GUI;$(DCC_Define)</DCC_Define>
			<DCC_BplOutput>.\$(Platform)\$(Config)</DCC_BplOutput>
			<Debugger_CWD>.\</Debugger_CWD>
			<DCC_DcpOutput>.\$(Platform)\$(Config)</DCC_DcpOutput>
			<VerInfo_Keys>CompanyName=;FileDescription=;FileVersion=1.0.0.0;InternalName=;LegalCopyright=;LegalTrademarks=;OriginalFilename=;ProductName=;ProductVersion=1.0.0.0;Comments=</VerInfo_Keys>
			<DCC_RemoteDebug>false</DCC_RemoteDebug>
		</PropertyGroup>
		<PropertyGroup Condition="'$(Cfg_7_Win32)'!=''">
			<DCC_UnitSearchPath>..\Source\Library\dwscript;$(DCC_UnitSearchPath)</DCC_UnitSearchPath>
			<DCC_Define>WEBMODULE_WITH_INDY_CONSOLE;$(DCC_Define)</DCC_Define>
			<DCC_BplOutput>.\$(Platform)\$(Config)</DCC_BplOutput>
			<Debugger_CWD>.\</Debugger_CWD>
			<DCC_DcpOutput>.\$(Platform)\$(Config)</DCC_DcpOutput>
			<VerInfo_Keys>CompanyName=;FileDescription=;FileVersion=1.0.0.0;InternalName=;LegalCopyright=;LegalTrademarks=;OriginalFilename=;ProductName=;ProductVersion=1.0.0.0;Comments=</VerInfo_Keys>
			<DCC_RemoteDebug>false</DCC_RemoteDebug>
		</PropertyGroup>
		<PropertyGroup Condition="'$(Cfg_8_Win32)'!=''">
			<DCC_UnitSearchPath>..\Source\Library\dwscript;$(DCC_UnitSearchPath)</DCC_UnitSearchPath>
			<DCC_Define>WEBMODULE_WITH_ISAPI;$(DCC_Define)</DCC_Define>
			<DCC_BplOutput>.\$(Platform)\$(Config)</DCC_BplOutput>
			<Debugger_CWD>.\</Debugger_CWD>
			<DCC_DcpOutput>.\$(Platform)\$(Config)</DCC_DcpOutput>
			<VerInfo_Keys>CompanyName=;FileDescription=;FileVersion=1.0.0.0;InternalName=;LegalCopyright=;LegalTrademarks=;OriginalFilename=;ProductName=;ProductVersion=1.0.0.0;Comments=</VerInfo_Keys>
			<DCC_RemoteDebug>false</DCC_RemoteDebug>
		</PropertyGroup>
		<Import Condition="'$(Cfg_10_Win32)'!='' And Exists('..\..\options.optset')" Project="..\..\options.optset"/>
		<ItemGroup>
			<DelphiCompile Include="$(MainSource)">
				<MainSource>MainSource</MainSource>
			</DelphiCompile>
			<DCCReference Include="MvcApp.pas"/>
			<DCCReference Include="Controllers\HomeController.pas"/>
			<DCCReference Include="Controllers\AccountController.pas"/>
			<DCCReference Include="Models\AccountModel.pas"/>
			<DCCReference Include="BusinessLogic\BlogBLL.pas"/>
			<DCCReference Include="Models\BOClasses.pas"/>
			<DCCReference Include="DataLayer\BlogDAL.pas"/>
			<None Include="Views\Common\404.phtml"/>
			<None Include="Views\Common\500.phtml"/>
			<None Include="Views\Common\Error.phtml"/>
			<None Include="Views\Home\Index.phtml"/>
			<None Include="Views\Shared\_LogOnPartial.phtml"/>
			<None Include="Views\Shared\Master.Layout"/>
			<None Include="Views\Common\403.phtml"/>
			<None Include="Views\Account\ChangePassword.phtml"/>
			<None Include="Views\Account\ChangePasswordSuccess.phtml"/>
			<None Include="Views\Account\LogOn.phtml"/>
			<None Include="Views\Account\Register.phtml"/>
			<None Include="Models\BOClasses.tt"/>
			<None Include="Views\Home\List.phtml"/>
			<None Include="Views\Common\Common.Layout"/>
			<None Include="Views\Common\ErrorForView.phtml"/>
			<BuildConfiguration Include="WEBMODULE_WITH_INDY_GUI">
				<Key>Cfg_4</Key>
				<CfgParent>Base</CfgParent>
			</BuildConfiguration>
			<BuildConfiguration Include="WEBMODULE_WITH_ISAPI">
				<Key>Cfg_8</Key>
				<CfgParent>Base</CfgParent>
			</BuildConfiguration>
			<BuildConfiguration Include="WEBMODULE_WITH_INDY_CONSOLE">
				<Key>Cfg_7</Key>
				<CfgParent>Base</CfgParent>
			</BuildConfiguration>
			<BuildConfiguration Include="Base">
				<Key>Base</Key>
			</BuildConfiguration>
		</ItemGroup>
		<ProjectExtensions>
			<Borland.Personality>Delphi.Personality.12</Borland.Personality>
			<Borland.ProjectType/>
			<BorlandProject>
				<Delphi.Personality>
					<VersionInfo>
						<VersionInfo Name="IncludeVerInfo">False</VersionInfo>
						<VersionInfo Name="AutoIncBuild">False</VersionInfo>
						<VersionInfo Name="MajorVer">1</VersionInfo>
						<VersionInfo Name="MinorVer">0</VersionInfo>
						<VersionInfo Name="Release">0</VersionInfo>
						<VersionInfo Name="Build">0</VersionInfo>
						<VersionInfo Name="Debug">False</VersionInfo>
						<VersionInfo Name="PreRelease">False</VersionInfo>
						<VersionInfo Name="Special">False</VersionInfo>
						<VersionInfo Name="Private">False</VersionInfo>
						<VersionInfo Name="DLL">False</VersionInfo>
						<VersionInfo Name="Locale">1033</VersionInfo>
						<VersionInfo Name="CodePage">1252</VersionInfo>
					</VersionInfo>
					<VersionInfoKeys>
						<VersionInfoKeys Name="CompanyName"/>
						<VersionInfoKeys Name="FileDescription"/>
						<VersionInfoKeys Name="FileVersion">1.0.0.0</VersionInfoKeys>
						<VersionInfoKeys Name="InternalName"/>
						<VersionInfoKeys Name="LegalCopyright"/>
						<VersionInfoKeys Name="LegalTrademarks"/>
						<VersionInfoKeys Name="OriginalFilename"/>
						<VersionInfoKeys Name="ProductName"/>
						<VersionInfoKeys Name="ProductVersion">1.0.0.0</VersionInfoKeys>
						<VersionInfoKeys Name="Comments"/>
					</VersionInfoKeys>
					<Source>
						<Source Name="MainSource">CommonExample.dpr</Source>
					</Source>
					<Excluded_Packages>
						<Excluded_Packages Name="$(BDSBIN)\bcboffice2k160.bpl">Embarcadero C++Builder Office 2000 Servers Package</Excluded_Packages>
						<Excluded_Packages Name="$(BDSBIN)\bcbofficexp160.bpl">Embarcadero C++Builder Office XP Servers Package</Excluded_Packages>
						<Excluded_Packages Name="$(BDSBIN)\dcloffice2k160.bpl">Microsoft Office 2000 Sample Automation Server Wrapper Components</Excluded_Packages>
						<Excluded_Packages Name="$(BDSBIN)\dclofficexp160.bpl">Microsoft Office XP Sample Automation Server Wrapper Components</Excluded_Packages>
					</Excluded_Packages>
				</Delphi.Personality>
				<Deployment>
					<DeployFile LocalName="Win32\WEBMODULE_WITH_INDY_GUI\CommonExample.rsm" Configuration="WEBMODULE_WITH_INDY_GUI" Class="DebugSymbols">
						<Platform Name="Win32">
							<RemoteName>CommonExample.rsm</RemoteName>
						</Platform>
					</DeployFile>
					<DeployFile LocalName="Win32\WEBMODULE_WITH_INDY_GUI\CommonExample.exe" Configuration="WEBMODULE_WITH_INDY_GUI" Class="ProjectOutput">
						<Platform Name="Win32"/>
					</DeployFile>
					<DeployFile LocalName="$(BDS)\Redist\osx32\libcgunwind.1.0.dylib" Class="DependencyModule">
						<Platform Name="OSX32"/>
					</DeployFile>
					<DeployClass Name="ProjectOutput" Required="true">
						<Platform Name="OSX32">
							<Operation>1</Operation>
						</Platform>
						<Platform Name="Win32">
							<Operation>0</Operation>
						</Platform>
					</DeployClass>
					<DeployClass Name="DependencyPackage" Required="true">
						<Platform Name="OSX32">
							<Operation>1</Operation>
							<Extensions>.dylib</Extensions>
						</Platform>
						<Platform Name="Win32">
							<Operation>0</Operation>
							<Extensions>.bpl</Extensions>
						</Platform>
					</DeployClass>
					<DeployClass Name="DependencyModule">
						<Platform Name="OSX32">
							<Operation>1</Operation>
							<Extensions>.dylib</Extensions>
						</Platform>
						<Platform Name="Win32">
							<Operation>0</Operation>
							<Extensions>.dll;.bpl</Extensions>
						</Platform>
					</DeployClass>
					<DeployClass Name="ProjectOSXInfoPList">
						<Platform Name="OSX32">
							<RemoteDir>Contents</RemoteDir>
							<Operation>1</Operation>
						</Platform>
					</DeployClass>
					<DeployClass Name="File">
						<Platform Name="OSX32">
							<Operation>0</Operation>
						</Platform>
						<Platform Name="Win32">
							<Operation>0</Operation>
						</Platform>
					</DeployClass>
					<DeployClass Name="DebugSymbols">
						<Platform Name="OSX32">
							<Operation>1</Operation>
						</Platform>
						<Platform Name="Win32">
							<Operation>0</Operation>
						</Platform>
					</DeployClass>
					<DeployClass Name="DependencyFramework">
						<Platform Name="OSX32">
							<Operation>1</Operation>
							<Extensions>.framework</Extensions>
						</Platform>
						<Platform Name="Win32">
							<Operation>0</Operation>
						</Platform>
					</DeployClass>
					<DeployClass Name="AdditionalDebugSymbols">
						<Platform Name="OSX32">
							<Operation>1</Operation>
						</Platform>
						<Platform Name="Win32">
							<Operation>0</Operation>
						</Platform>
					</DeployClass>
					<DeployClass Name="ProjectOSXResource">
						<Platform Name="OSX32">
							<RemoteDir>Contents\Resources</RemoteDir>
							<Operation>1</Operation>
						</Platform>
					</DeployClass>
					<ProjectRoot Name="$(PROJECTNAME)" Platform="OSX32"/>
					<ProjectRoot Name="$(PROJECTNAME)" Platform="Win64"/>
					<ProjectRoot Name="$(PROJECTNAME)" Platform="Win32"/>
				</Deployment>
				<Platforms>
					<Platform value="Win64">False</Platform>
					<Platform value="OSX32">False</Platform>
					<Platform value="Win32">True</Platform>
				</Platforms>
				<ModelSupport>False</ModelSupport>
			</BorlandProject>
			<ProjectFileVersion>12</ProjectFileVersion>
		</ProjectExtensions>
		<Import Condition="Exists('$(BDS)\Bin\CodeGear.Delphi.Targets')" Project="$(BDS)\Bin\CodeGear.Delphi.Targets"/>
		<Import Condition="Exists('$(APPDATA)\Embarcadero\$(BDSAPPDATABASEDIR)\$(PRODUCTVERSION)\UserTools.proj')" Project="$(APPDATA)\Embarcadero\$(BDSAPPDATABASEDIR)\$(PRODUCTVERSION)\UserTools.proj"/>
		<Import Condition="Exists('$(MSBuildProjectName).deployproj')" Project="$(MSBuildProjectName).deployproj"/>
	</Project>
